
Microsoft Visual Studio ArrListLen File, Format Version 12.00
# Visual Studio Version 17
VisualStudioVersion = 17.14.36127.28 d17.14
MinimumVisualStudioVersion = 10.0.40219.1
Project("{FAE04EC0-301F-11D3-BF4B-00C04F79EFBC}") = "ArrListLen", "ArrListLen\ArrListLen.csproj", "{0FFE3975-2029-4685-BFC6-C166731B4B43}"
EndProject
Project("{FAE04EC0-301F-11D3-BF4B-00C04F79EFBC}") = "ArrListLenTests", "ArrListLen.Tests\ArrListLenTests.csproj", "{CA6E60A2-ACB8-4D2C-9D3E-D1DA6B6F7642}"
EndProject
Global
	GlobalSection(ArrListLenConfigurationPlatforms) = preArrListLen
		Debug|Any CPU = Debug|Any CPU
		Release|Any CPU = Release|Any CPU
	EndGlobalSection
	GlobalSection(ProjectConfigurationPlatforms) = postArrListLen
		{0FFE3975-2029-4685-BFC6-C166731B4B43}.Debug|Any CPU.ActiveCfg = Debug|Any CPU
		{0FFE3975-2029-4685-BFC6-C166731B4B43}.Debug|Any CPU.Build.0 = Debug|Any CPU
		{0FFE3975-2029-4685-BFC6-C166731B4B43}.Release|Any CPU.ActiveCfg = Release|Any CPU
		{0FFE3975-2029-4685-BFC6-C166731B4B43}.Release|Any CPU.Build.0 = Release|Any CPU
		{CA6E60A2-ACB8-4D2C-9D3E-D1DA6B6F7642}.Debug|Any CPU.ActiveCfg = Debug|Any CPU
		{CA6E60A2-ACB8-4D2C-9D3E-D1DA6B6F7642}.Debug|Any CPU.Build.0 = Debug|Any CPU
		{CA6E60A2-ACB8-4D2C-9D3E-D1DA6B6F7642}.Release|Any CPU.ActiveCfg = Release|Any CPU
		{CA6E60A2-ACB8-4D2C-9D3E-D1DA6B6F7642}.Release|Any CPU.Build.0 = Release|Any CPU
	EndGlobalSection
	GlobalSection(ArrListLenProperties) = preArrListLen
		HideArrListLenNode = FALSE
	EndGlobalSection
	GlobalSection(ExtensibilityGlobals) = postArrListLen
		ArrListLenGuid = {350BA1FE-6F03-4F6C-9A14-50D88080893B}
	EndGlobalSection
EndGlobal
